
Microsoft Visual Studio Solution File, Format Version 12.00
# Visual Studio 2015
Project("{FAE04EC0-301F-11D3-BF4B-00C04F79EFBC}") = "SacredJanitor.CSharp.Plugins", "SacredJanitor.CSharp.Plugins.csproj", "{D490A1CD-F96A-B18A-7565-DF299F2B9589}"
EndProject
Project("{FAE04EC0-301F-11D3-BF4B-00C04F79EFBC}") = "SacredJanitor.CSharp", "SacredJanitor.CSharp.csproj", "{18AA43E6-2A60-5BA2-3D86-D842D356ECFB}"
EndProject
Project("{FAE04EC0-301F-11D3-BF4B-00C04F79EFBC}") = "SacredJanitor.CSharp.Editor", "SacredJanitor.CSharp.Editor.csproj", "{C956F416-5CA4-66B1-0329-918F7F2AED01}"
EndProject
Global
	GlobalSection(SolutionConfigurationPlatforms) = preSolution
		Debug|Any CPU = Debug|Any CPU
		Release|Any CPU = Release|Any CPU
	EndGlobalSection
	GlobalSection(ProjectConfigurationPlatforms) = postSolution
		{D490A1CD-F96A-B18A-7565-DF299F2B9589}.Debug|Any CPU.ActiveCfg = Debug|Any CPU
		{D490A1CD-F96A-B18A-7565-DF299F2B9589}.Debug|Any CPU.Build.0 = Debug|Any CPU
		{D490A1CD-F96A-B18A-7565-DF299F2B9589}.Release|Any CPU.ActiveCfg = Release|Any CPU
		{D490A1CD-F96A-B18A-7565-DF299F2B9589}.Release|Any CPU.Build.0 = Release|Any CPU
		{18AA43E6-2A60-5BA2-3D86-D842D356ECFB}.Debug|Any CPU.ActiveCfg = Debug|Any CPU
		{18AA43E6-2A60-5BA2-3D86-D842D356ECFB}.Debug|Any CPU.Build.0 = Debug|Any CPU
		{18AA43E6-2A60-5BA2-3D86-D842D356ECFB}.Release|Any CPU.ActiveCfg = Release|Any CPU
		{18AA43E6-2A60-5BA2-3D86-D842D356ECFB}.Release|Any CPU.Build.0 = Release|Any CPU
		{C956F416-5CA4-66B1-0329-918F7F2AED01}.Debug|Any CPU.ActiveCfg = Debug|Any CPU
		{C956F416-5CA4-66B1-0329-918F7F2AED01}.Debug|Any CPU.Build.0 = Debug|Any CPU
		{C956F416-5CA4-66B1-0329-918F7F2AED01}.Release|Any CPU.ActiveCfg = Release|Any CPU
		{C956F416-5CA4-66B1-0329-918F7F2AED01}.Release|Any CPU.Build.0 = Release|Any CPU
	EndGlobalSection
	GlobalSection(SolutionProperties) = preSolution
		HideSolutionNode = FALSE
	EndGlobalSection
EndGlobal
